
Microsoft Visual Studio Solution File, Format Version 12.00
# Visual Studio Version 17
VisualStudioVersion = 17.0.32014.148
MinimumVisualStudioVersion = 10.0.40219.1
Project("{FAE04EC0-301F-11D3-BF4B-00C04F79EFBC}") = "GoolgeAuthWebApi", "GoolgeAuthWebApi\GoolgeAuthWebApi.csproj", "{3661B39A-38E9-4364-9F5F-DFE1FB62390A}"
EndProject
Project("{FAE04EC0-301F-11D3-BF4B-00C04F79EFBC}") = "GoogleAuthClient", "GoogleAuthClient\GoogleAuthClient.csproj", "{C233CFBB-1B45-4DD5-B06B-BA91B4F555D1}"
EndProject
Project("{FAE04EC0-301F-11D3-BF4B-00C04F79EFBC}") = "GoogleAuthClientApp", "GoogleAuthClientApp\GoogleAuthClientApp.csproj", "{0BDA452D-4370-4EC2-93C0-81C00F5119DA}"
EndProject
Global
	GlobalSection(SolutionConfigurationPlatforms) = preSolution
		Debug|Any CPU = Debug|Any CPU
		Release|Any CPU = Release|Any CPU
	EndGlobalSection
	GlobalSection(ProjectConfigurationPlatforms) = postSolution
		{3661B39A-38E9-4364-9F5F-DFE1FB62390A}.Debug|Any CPU.ActiveCfg = Debug|Any CPU
		{3661B39A-38E9-4364-9F5F-DFE1FB62390A}.Debug|Any CPU.Build.0 = Debug|Any CPU
		{3661B39A-38E9-4364-9F5F-DFE1FB62390A}.Release|Any CPU.ActiveCfg = Release|Any CPU
		{3661B39A-38E9-4364-9F5F-DFE1FB62390A}.Release|Any CPU.Build.0 = Release|Any CPU
		{C233CFBB-1B45-4DD5-B06B-BA91B4F555D1}.Debug|Any CPU.ActiveCfg = Debug|Any CPU
		{C233CFBB-1B45-4DD5-B06B-BA91B4F555D1}.Debug|Any CPU.Build.0 = Debug|Any CPU
		{C233CFBB-1B45-4DD5-B06B-BA91B4F555D1}.Release|Any CPU.ActiveCfg = Release|Any CPU
		{C233CFBB-1B45-4DD5-B06B-BA91B4F555D1}.Release|Any CPU.Build.0 = Release|Any CPU
		{0BDA452D-4370-4EC2-93C0-81C00F5119DA}.Debug|Any CPU.ActiveCfg = Debug|Any CPU
		{0BDA452D-4370-4EC2-93C0-81C00F5119DA}.Debug|Any CPU.Build.0 = Debug|Any CPU
		{0BDA452D-4370-4EC2-93C0-81C00F5119DA}.Release|Any CPU.ActiveCfg = Release|Any CPU
		{0BDA452D-4370-4EC2-93C0-81C00F5119DA}.Release|Any CPU.Build.0 = Release|Any CPU
	EndGlobalSection
	GlobalSection(SolutionProperties) = preSolution
		HideSolutionNode = FALSE
	EndGlobalSection
	GlobalSection(ExtensibilityGlobals) = postSolution
		SolutionGuid = {C2DB94C4-FBFA-4B30-8C6A-DC75493475CA}
	EndGlobalSection
EndGlobal
